PODS:
  - Alamofire (5.0.0)
  - Differentiator (4.0.1)
  - Framezilla (2.9.1)
  - Moya/Core (14.0.0):
    - Alamofire (~> 5.0)
  - Moya/RxSwift (14.0.0):
    - Moya/Core
    - RxSwift (~> 5.0)
  - RxCocoa (5.0.1):
    - RxRelay (~> 5)
    - RxSwift (~> 5)
  - RxDataSources (4.0.1):
    - Differentiator (~> 4.0)
    - RxCocoa (~> 5.0)
    - RxSwift (~> 5.0)
  - RxRelay (5.0.1):
    - RxSwift (~> 5)
  - RxSwift (5.0.1)
  - SwiftLint (0.39.1)

DEPENDENCIES:
  - Framezilla
  - Moya/RxSwift
  - RxCocoa
  - RxDataSources
  - RxSwift
  - SwiftLint

SPEC REPOS:
  trunk:
    - Alamofire
    - Differentiator
    - Framezilla
    - Moya
    - RxCocoa
    - RxDataSources
    - RxRelay
    - RxSwift
    - SwiftLint

SPEC CHECKSUMS:
  Alamofire: 58ff2bfb8daaacaa233d5c36e37b10a5248f59b1
  Differentiator: 886080237d9f87f322641dedbc5be257061b0602
  Framezilla: 47d52b1986bddf580da55ba77189ef654ebdc731
  Moya: 5b45dacb75adb009f97fde91c204c1e565d31916
  RxCocoa: e741b9749968e8a143e2b787f1dfbff2b63d0a5c
  RxDataSources: efee07fa4de48477eca0a4611e6d11e2da9c1114
  RxRelay: 89d54507f4fd4d969e6ec1d4bd7f3673640b4640
  RxSwift: e2dc62b366a3adf6a0be44ba9f405efd4c94e0c4
  SwiftLint: 55e96a4a4d537d4a3156859fc1c54bd24851a046

PODFILE CHECKSUM: 010d312c8bc5a19b1da549fa390f4fdedac40786

COCOAPODS: 1.8.4
